// !$*UTF8*$!
{
	archiveVersion = 1;
	classes = {
	};
	objectVersion = 46;
	objects = {

/* Begin PBXBuildFile section */
		6D64DFD81B4205FF00CFD0A9 /* AppDelegate.swift in Sources */ = {isa = PBXBuildFile; fileRef = 6D64DFD71B4205FF00CFD0A9 /* AppDelegate.swift */; };
		6D64DFDA1B4205FF00CFD0A9 /* ViewController.swift in Sources */ = {isa = PBXBuildFile; fileRef = 6D64DFD91B4205FF00CFD0A9 /* ViewController.swift */; };
		6D64DFDD1B4205FF00CFD0A9 /* Main.storyboard in Resources */ = {isa = PBXBuildFile; fileRef = 6D64DFDB1B4205FF00CFD0A9 /* Main.storyboard */; };
		6D64DFDF1B4205FF00CFD0A9 /* Images.xcassets in Resources */ = {isa = PBXBuildFile; fileRef = 6D64DFDE1B4205FF00CFD0A9 /* Images.xcassets */; };
		6D64DFE21B4205FF00CFD0A9 /* LaunchScreen.xib in Resources */ = {isa = PBXBuildFile; fileRef = 6D64DFE01B4205FF00CFD0A9 /* LaunchScreen.xib */; };
		6D64DFFB1B42069A00CFD0A9 /* BobTest.swift in Sources */ = {isa = PBXBuildFile; fileRef = 6D64DFFA1B42069A00CFD0A9 /* BobTest.swift */; };
		6D64DFFF1B42071400CFD0A9 /* Bob.swift in Sources */ = {isa = PBXBuildFile; fileRef = 6D64DFFE1B42071400CFD0A9 /* Bob.swift */; };
		6D64E0001B42071400CFD0A9 /* Bob.swift in Sources */ = {isa = PBXBuildFile; fileRef = 6D64DFFE1B42071400CFD0A9 /* Bob.swift */; };
		6D64E0051B42076000CFD0A9 /* Hamming.swift in Sources */ = {isa = PBXBuildFile; fileRef = 6D64E0041B42076000CFD0A9 /* Hamming.swift */; };
		6D64E0061B42076000CFD0A9 /* Hamming.swift in Sources */ = {isa = PBXBuildFile; fileRef = 6D64E0041B42076000CFD0A9 /* Hamming.swift */; };
		6D64E0091B42084C00CFD0A9 /* HammingTest.swift in Sources */ = {isa = PBXBuildFile; fileRef = 6D64E0071B42084C00CFD0A9 /* HammingTest.swift */; };
		6D64E00B1B4208A500CFD0A9 /* LeapTest.swift in Sources */ = {isa = PBXBuildFile; fileRef = 6D64E00A1B4208A500CFD0A9 /* LeapTest.swift */; };
		6D64E00D1B4208B200CFD0A9 /* Leap.swift in Sources */ = {isa = PBXBuildFile; fileRef = 6D64E00C1B4208B200CFD0A9 /* Leap.swift */; };
		6D64E00E1B4208B200CFD0A9 /* Leap.swift in Sources */ = {isa = PBXBuildFile; fileRef = 6D64E00C1B4208B200CFD0A9 /* Leap.swift */; };
		6D64E0101B4208C200CFD0A9 /* WordCountTest.swift in Sources */ = {isa = PBXBuildFile; fileRef = 6D64E00F1B4208C200CFD0A9 /* WordCountTest.swift */; };
		6D64E0121B4208CE00CFD0A9 /* WordCount.swift in Sources */ = {isa = PBXBuildFile; fileRef = 6D64E0111B4208CE00CFD0A9 /* WordCount.swift */; };
		6D64E0131B4208CE00CFD0A9 /* WordCount.swift in Sources */ = {isa = PBXBuildFile; fileRef = 6D64E0111B4208CE00CFD0A9 /* WordCount.swift */; };
/* End PBXBuildFile section */

/* Begin PBXContainerItemProxy section */
		6D64DFE81B4205FF00CFD0A9 /* PBXContainerItemProxy */ = {
			isa = PBXContainerItemProxy;
			containerPortal = 6D64DFCA1B4205FF00CFD0A9 /* Project object */;
			proxyType = 1;
			remoteGlobalIDString = 6D64DFD11B4205FF00CFD0A9;
			remoteInfo = "exercism-swift";
		};
/* End PBXContainerItemProxy section */

/* Begin PBXFileReference section */
		6D64DFD21B4205FF00CFD0A9 /* exercism-swift.app */ = {isa = PBXFileReference; explicitFileType = wrapper.application; includeInIndex = 0; path = "exercism-swift.app"; sourceTree = BUILT_PRODUCTS_DIR; };
		6D64DFD61B4205FF00CFD0A9 /* Info.plist */ = {isa = PBXFileReference; lastKnownFileType = text.plist.xml; path = Info.plist; sourceTree = "<group>"; };
		6D64DFD71B4205FF00CFD0A9 /* AppDelegate.swift */ = {isa = PBXFileReference; lastKnownFileType = sourcecode.swift; path = AppDelegate.swift; sourceTree = "<group>"; };
		6D64DFD91B4205FF00CFD0A9 /* ViewController.swift */ = {isa = PBXFileReference; lastKnownFileType = sourcecode.swift; path = ViewController.swift; sourceTree = "<group>"; };
		6D64DFDC1B4205FF00CFD0A9 /* Base */ = {isa = PBXFileReference; lastKnownFileType = file.storyboard; name = Base; path = Base.lproj/Main.storyboard; sourceTree = "<group>"; };
		6D64DFDE1B4205FF00CFD0A9 /* Images.xcassets */ = {isa = PBXFileReference; lastKnownFileType = folder.assetcatalog; path = Images.xcassets; sourceTree = "<group>"; };
		6D64DFE11B4205FF00CFD0A9 /* Base */ = {isa = PBXFileReference; lastKnownFileType = file.xib; name = Base; path = Base.lproj/LaunchScreen.xib; sourceTree = "<group>"; };
		6D64DFE71B4205FF00CFD0A9 /* exercism-swiftTests.xctest */ = {isa = PBXFileReference; explicitFileType = wrapper.cfbundle; includeInIndex = 0; path = "exercism-swiftTests.xctest"; sourceTree = BUILT_PRODUCTS_DIR; };
		6D64DFEC1B4205FF00CFD0A9 /* Info.plist */ = {isa = PBXFileReference; lastKnownFileType = text.plist.xml; path = Info.plist; sourceTree = "<group>"; };
		6D64DFFA1B42069A00CFD0A9 /* BobTest.swift */ = {isa = PBXFileReference; fileEncoding = 4; lastKnownFileType = sourcecode.swift; path = BobTest.swift; sourceTree = "<group>"; };
		6D64DFFE1B42071400CFD0A9 /* Bob.swift */ = {isa = PBXFileReference; fileEncoding = 4; lastKnownFileType = sourcecode.swift; path = Bob.swift; sourceTree = "<group>"; };
		6D64E0041B42076000CFD0A9 /* Hamming.swift */ = {isa = PBXFileReference; fileEncoding = 4; lastKnownFileType = sourcecode.swift; path = Hamming.swift; sourceTree = "<group>"; };
		6D64E0071B42084C00CFD0A9 /* HammingTest.swift */ = {isa = PBXFileReference; fileEncoding = 4; lastKnownFileType = sourcecode.swift; path = HammingTest.swift; sourceTree = "<group>"; };
		6D64E00A1B4208A500CFD0A9 /* LeapTest.swift */ = {isa = PBXFileReference; fileEncoding = 4; lastKnownFileType = sourcecode.swift; path = LeapTest.swift; sourceTree = "<group>"; };
		6D64E00C1B4208B200CFD0A9 /* Leap.swift */ = {isa = PBXFileReference; fileEncoding = 4; lastKnownFileType = sourcecode.swift; path = Leap.swift; sourceTree = "<group>"; };
		6D64E00F1B4208C200CFD0A9 /* WordCountTest.swift */ = {isa = PBXFileReference; fileEncoding = 4; lastKnownFileType = sourcecode.swift; path = WordCountTest.swift; sourceTree = "<group>"; };
		6D64E0111B4208CE00CFD0A9 /* WordCount.swift */ = {isa = PBXFileReference; fileEncoding = 4; lastKnownFileType = sourcecode.swift; path = WordCount.swift; sourceTree = "<group>"; };
/* End PBXFileReference section */

/* Begin PBXFrameworksBuildPhase section */
		6D64DFCF1B4205FF00CFD0A9 /* Frameworks */ = {
			isa = PBXFrameworksBuildPhase;
			buildActionMask = 2147483647;
			files = (
			);
			runOnlyForDeploymentPostprocessing = 0;
		};
		6D64DFE41B4205FF00CFD0A9 /* Frameworks */ = {
			isa = PBXFrameworksBuildPhase;
			buildActionMask = 2147483647;
			files = (
			);
			runOnlyForDeploymentPostprocessing = 0;
		};
/* End PBXFrameworksBuildPhase section */

/* Begin PBXGroup section */
		6D64DFC91B4205FF00CFD0A9 = {
			isa = PBXGroup;
			children = (
				6D64DFD41B4205FF00CFD0A9 /* exercism-swift */,
				6D64DFEA1B4205FF00CFD0A9 /* exercism-swiftTests */,
				6D64DFD31B4205FF00CFD0A9 /* Products */,
			);
			sourceTree = "<group>";
		};
		6D64DFD31B4205FF00CFD0A9 /* Products */ = {
			isa = PBXGroup;
			children = (
				6D64DFD21B4205FF00CFD0A9 /* exercism-swift.app */,
				6D64DFE71B4205FF00CFD0A9 /* exercism-swiftTests.xctest */,
			);
			name = Products;
			sourceTree = "<group>";
		};
		6D64DFD41B4205FF00CFD0A9 /* exercism-swift */ = {
			isa = PBXGroup;
			children = (
				6D64DFFE1B42071400CFD0A9 /* Bob.swift */,
				6D64E0041B42076000CFD0A9 /* Hamming.swift */,
				6D64E00C1B4208B200CFD0A9 /* Leap.swift */,
				6D64E0111B4208CE00CFD0A9 /* WordCount.swift */,
				6D64DFD71B4205FF00CFD0A9 /* AppDelegate.swift */,
				6D64DFD91B4205FF00CFD0A9 /* ViewController.swift */,
				6D64DFDB1B4205FF00CFD0A9 /* Main.storyboard */,
				6D64DFDE1B4205FF00CFD0A9 /* Images.xcassets */,
				6D64DFE01B4205FF00CFD0A9 /* LaunchScreen.xib */,
				6D64DFD51B4205FF00CFD0A9 /* Supporting Files */,
			);
			path = "exercism-swift";
			sourceTree = "<group>";
		};
		6D64DFD51B4205FF00CFD0A9 /* Supporting Files */ = {
			isa = PBXGroup;
			children = (
				6D64DFD61B4205FF00CFD0A9 /* Info.plist */,
			);
			name = "Supporting Files";
			sourceTree = "<group>";
		};
		6D64DFEA1B4205FF00CFD0A9 /* exercism-swiftTests */ = {
			isa = PBXGroup;
			children = (
				6D64DFFA1B42069A00CFD0A9 /* BobTest.swift */,
				6D64E0071B42084C00CFD0A9 /* HammingTest.swift */,
				6D64E00A1B4208A500CFD0A9 /* LeapTest.swift */,
				6D64E00F1B4208C200CFD0A9 /* WordCountTest.swift */,
				6D64DFEB1B4205FF00CFD0A9 /* Supporting Files */,
			);
			path = "exercism-swiftTests";
			sourceTree = "<group>";
		};
		6D64DFEB1B4205FF00CFD0A9 /* Supporting Files */ = {
			isa = PBXGroup;
			children = (
				6D64DFEC1B4205FF00CFD0A9 /* Info.plist */,
			);
			name = "Supporting Files";
			sourceTree = "<group>";
		};
/* End PBXGroup section */

/* Begin PBXNativeTarget section */
		6D64DFD11B4205FF00CFD0A9 /* exercism-swift */ = {
			isa = PBXNativeTarget;
			buildConfigurationList = 6D64DFF11B4205FF00CFD0A9 /* Build configuration list for PBXNativeTarget "exercism-swift" */;
			buildPhases = (
				6D64DFCE1B4205FF00CFD0A9 /* Sources */,
				6D64DFCF1B4205FF00CFD0A9 /* Frameworks */,
				6D64DFD01B4205FF00CFD0A9 /* Resources */,
			);
			buildRules = (
			);
			dependencies = (
			);
			name = "exercism-swift";
			productName = "exercism-swift";
			productReference = 6D64DFD21B4205FF00CFD0A9 /* exercism-swift.app */;
			productType = "com.apple.product-type.application";
		};
		6D64DFE61B4205FF00CFD0A9 /* exercism-swiftTests */ = {
			isa = PBXNativeTarget;
			buildConfigurationList = 6D64DFF41B4205FF00CFD0A9 /* Build configuration list for PBXNativeTarget "exercism-swiftTests" */;
			buildPhases = (
				6D64DFE31B4205FF00CFD0A9 /* Sources */,
				6D64DFE41B4205FF00CFD0A9 /* Frameworks */,
				6D64DFE51B4205FF00CFD0A9 /* Resources */,
			);
			buildRules = (
			);
			dependencies = (
				6D64DFE91B4205FF00CFD0A9 /* PBXTargetDependency */,
			);
			name = "exercism-swiftTests";
			productName = "exercism-swiftTests";
			productReference = 6D64DFE71B4205FF00CFD0A9 /* exercism-swiftTests.xctest */;
			productType = "com.apple.product-type.bundle.unit-test";
		};
/* End PBXNativeTarget section */

/* Begin PBXProject section */
		6D64DFCA1B4205FF00CFD0A9 /* Project object */ = {
			isa = PBXProject;
			attributes = {
				LastUpgradeCheck = 0630;
				ORGANIZATIONNAME = "Damien Burke";
				TargetAttributes = {
					6D64DFD11B4205FF00CFD0A9 = {
						CreatedOnToolsVersion = 6.3.2;
					};
					6D64DFE61B4205FF00CFD0A9 = {
						CreatedOnToolsVersion = 6.3.2;
						TestTargetID = 6D64DFD11B4205FF00CFD0A9;
					};
				};
			};
			buildConfigurationList = 6D64DFCD1B4205FF00CFD0A9 /* Build configuration list for PBXProject "exercism-swift" */;
			compatibilityVersion = "Xcode 3.2";
			developmentRegion = English;
			hasScannedForEncodings = 0;
			knownRegions = (
				en,
				Base,
			);
			mainGroup = 6D64DFC91B4205FF00CFD0A9;
			productRefGroup = 6D64DFD31B4205FF00CFD0A9 /* Products */;
			projectDirPath = "";
			projectRoot = "";
			targets = (
				6D64DFD11B4205FF00CFD0A9 /* exercism-swift */,
				6D64DFE61B4205FF00CFD0A9 /* exercism-swiftTests */,
			);
		};
/* End PBXProject section */

/* Begin PBXResourcesBuildPhase section */
		6D64DFD01B4205FF00CFD0A9 /* Resources */ = {
			isa = PBXResourcesBuildPhase;
			buildActionMask = 2147483647;
			files = (
				6D64DFDD1B4205FF00CFD0A9 /* Main.storyboard in Resources */,
				6D64DFE21B4205FF00CFD0A9 /* LaunchScreen.xib in Resources */,
				6D64DFDF1B4205FF00CFD0A9 /* Images.xcassets in Resources */,
			);
			runOnlyForDeploymentPostprocessing = 0;
		};
		6D64DFE51B4205FF00CFD0A9 /* Resources */ = {
			isa = PBXResourcesBuildPhase;
			buildActionMask = 2147483647;
			files = (
			);
			runOnlyForDeploymentPostprocessing = 0;
		};
/* End PBXResourcesBuildPhase section */

/* Begin PBXSourcesBuildPhase section */
		6D64DFCE1B4205FF00CFD0A9 /* Sources */ = {
			isa = PBXSourcesBuildPhase;
			buildActionMask = 2147483647;
			files = (
				6D64E00D1B4208B200CFD0A9 /* Leap.swift in Sources */,
				6D64E0051B42076000CFD0A9 /* Hamming.swift in Sources */,
				6D64DFFF1B42071400CFD0A9 /* Bob.swift in Sources */,
				6D64E0121B4208CE00CFD0A9 /* WordCount.swift in Sources */,
				6D64DFDA1B4205FF00CFD0A9 /* ViewController.swift in Sources */,
				6D64DFD81B4205FF00CFD0A9 /* AppDelegate.swift in Sources */,
			);
			runOnlyForDeploymentPostprocessing = 0;
		};
		6D64DFE31B4205FF00CFD0A9 /* Sources */ = {
			isa = PBXSourcesBuildPhase;
			buildActionMask = 2147483647;
			files = (
				6D64E00B1B4208A500CFD0A9 /* LeapTest.swift in Sources */,
				6D64E0061B42076000CFD0A9 /* Hamming.swift in Sources */,
				6D64E0091B42084C00CFD0A9 /* HammingTest.swift in Sources */,
				6D64E00E1B4208B200CFD0A9 /* Leap.swift in Sources */,
				6D64E0101B4208C200CFD0A9 /* WordCountTest.swift in Sources */,
				6D64E0001B42071400CFD0A9 /* Bob.swift in Sources */,
				6D64DFFB1B42069A00CFD0A9 /* BobTest.swift in Sources */,
				6D64E0131B4208CE00CFD0A9 /* WordCount.swift in Sources */,
			);
			runOnlyForDeploymentPostprocessing = 0;
		};
/* End PBXSourcesBuildPhase section */

/* Begin PBXTargetDependency section */
		6D64DFE91B4205FF00CFD0A9 /* PBXTargetDependency */ = {
			isa = PBXTargetDependency;
			target = 6D64DFD11B4205FF00CFD0A9 /* exercism-swift */;
			targetProxy = 6D64DFE81B4205FF00CFD0A9 /* PBXContainerItemProxy */;
		};
/* End PBXTargetDependency section */

/* Begin PBXVariantGroup section */
		6D64DFDB1B4205FF00CFD0A9 /* Main.storyboard */ = {
			isa = PBXVariantGroup;
			children = (
				6D64DFDC1B4205FF00CFD0A9 /* Base */,
			);
			name = Main.storyboard;
			sourceTree = "<group>";
		};
		6D64DFE01B4205FF00CFD0A9 /* LaunchScreen.xib */ = {
			isa = PBXVariantGroup;
			children = (
				6D64DFE11B4205FF00CFD0A9 /* Base */,
			);
			name = LaunchScreen.xib;
			sourceTree = "<group>";
		};
/* End PBXVariantGroup section */

/* Begin XCBuildConfiguration section */
		6D64DFEF1B4205FF00CFD0A9 /* Debug */ = {
			isa = XCBuildConfiguration;
			buildSettings = {
				ALWAYS_SEARCH_USER_PATHS = NO;
				CLANG_CXX_LANGUAGE_STANDARD = "gnu++0x";
				CLANG_CXX_LIBRARY = "libc++";
				CLANG_ENABLE_MODULES = YES;
				CLANG_ENABLE_OBJC_ARC = YES;
				CLANG_WARN_BOOL_CONVERSION = YES;
				CLANG_WARN_CONSTANT_CONVERSION = YES;
				CLANG_WARN_DIRECT_OBJC_ISA_USAGE = YES_ERROR;
				CLANG_WARN_EMPTY_BODY = YES;
				CLANG_WARN_ENUM_CONVERSION = YES;
				CLANG_WARN_INT_CONVERSION = YES;
				CLANG_WARN_OBJC_ROOT_CLASS = YES_ERROR;
				CLANG_WARN_UNREACHABLE_CODE = YES;
				CLANG_WARN__DUPLICATE_METHOD_MATCH = YES;
				"CODE_SIGN_IDENTITY[sdk=iphoneos*]" = "iPhone Developer";
				COPY_PHASE_STRIP = NO;
				DEBUG_INFORMATION_FORMAT = "dwarf-with-dsym";
				ENABLE_STRICT_OBJC_MSGSEND = YES;
				GCC_C_LANGUAGE_STANDARD = gnu99;
				GCC_DYNAMIC_NO_PIC = NO;
				GCC_NO_COMMON_BLOCKS = YES;
				GCC_OPTIMIZATION_LEVEL = 0;
				GCC_PREPROCESSOR_DEFINITIONS = (
					"DEBUG=1",
					"$(inherited)",
				);
				GCC_SYMBOLS_PRIVATE_EXTERN = NO;
				GCC_WARN_64_TO_32_BIT_CONVERSION = YES;
				GCC_WARN_ABOUT_RETURN_TYPE = YES_ERROR;
				GCC_WARN_UNDECLARED_SELECTOR = YES;
				GCC_WARN_UNINITIALIZED_AUTOS = YES_AGGRESSIVE;
				GCC_WARN_UNUSED_FUNCTION = YES;
				GCC_WARN_UNUSED_VARIABLE = YES;
				IPHONEOS_DEPLOYMENT_TARGET = 8.3;
				MTL_ENABLE_DEBUG_INFO = YES;
				ONLY_ACTIVE_ARCH = YES;
				SDKROOT = iphoneos;
				SWIFT_OPTIMIZATION_LEVEL = "-Onone";
			};
			name = Debug;
		};
		6D64DFF01B4205FF00CFD0A9 /* Release */ = {
			isa = XCBuildConfiguration;
			buildSettings = {
				ALWAYS_SEARCH_USER_PATHS = NO;
				CLANG_CXX_LANGUAGE_STANDARD = "gnu++0x";
				CLANG_CXX_LIBRARY = "libc++";
				CLANG_ENABLE_MODULES = YES;
				CLANG_ENABLE_OBJC_ARC = YES;
				CLANG_WARN_BOOL_CONVERSION = YES;
				CLANG_WARN_CONSTANT_CONVERSION = YES;
				CLANG_WARN_DIRECT_OBJC_ISA_USAGE = YES_ERROR;
				CLANG_WARN_EMPTY_BODY = YES;
				CLANG_WARN_ENUM_CONVERSION = YES;
				CLANG_WARN_INT_CONVERSION = YES;
				CLANG_WARN_OBJC_ROOT_CLASS = YES_ERROR;
				CLANG_WARN_UNREACHABLE_CODE = YES;
				CLANG_WARN__DUPLICATE_METHOD_MATCH = YES;
				"CODE_SIGN_IDENTITY[sdk=iphoneos*]" = "iPhone Developer";
				COPY_PHASE_STRIP = NO;
				DEBUG_INFORMATION_FORMAT = "dwarf-with-dsym";
				ENABLE_NS_ASSERTIONS = NO;
				ENABLE_STRICT_OBJC_MSGSEND = YES;
				GCC_C_LANGUAGE_STANDARD = gnu99;
				GCC_NO_COMMON_BLOCKS = YES;
				GCC_WARN_64_TO_32_BIT_CONVERSION = YES;
				GCC_WARN_ABOUT_RETURN_TYPE = YES_ERROR;
				GCC_WARN_UNDECLARED_SELECTOR = YES;
				GCC_WARN_UNINITIALIZED_AUTOS = YES_AGGRESSIVE;
				GCC_WARN_UNUSED_FUNCTION = YES;
				GCC_WARN_UNUSED_VARIABLE = YES;
				IPHONEOS_DEPLOYMENT_TARGET = 8.3;
				MTL_ENABLE_DEBUG_INFO = NO;
				SDKROOT = iphoneos;
				VALIDATE_PRODUCT = YES;
			};
			name = Release;
		};
		6D64DFF21B4205FF00CFD0A9 /* Debug */ = {
			isa = XCBuildConfiguration;
			buildSettings = {
				ASSETCATALOG_COMPILER_APPICON_NAME = AppIcon;
				INFOPLIST_FILE = "exercism-swift/Info.plist";
				LD_RUNPATH_SEARCH_PATHS = "$(inherited) @executable_path/Frameworks";
				PRODUCT_NAME = "$(TARGET_NAME)";
			};
			name = Debug;
		};
		6D64DFF31B4205FF00CFD0A9 /* Release */ = {
			isa = XCBuildConfiguration;
			buildSettings = {
				ASSETCATALOG_COMPILER_APPICON_NAME = AppIcon;
				INFOPLIST_FILE = "exercism-swift/Info.plist";
				LD_RUNPATH_SEARCH_PATHS = "$(inherited) @executable_path/Frameworks";
				PRODUCT_NAME = "$(TARGET_NAME)";
			};
			name = Release;
		};
		6D64DFF51B4205FF00CFD0A9 /* Debug */ = {
			isa = XCBuildConfiguration;
			buildSettings = {
				BUNDLE_LOADER = "$(TEST_HOST)";
				FRAMEWORK_SEARCH_PATHS = (
					"$(SDKROOT)/Developer/Library/Frameworks",
					"$(inherited)",
				);
				GCC_PREPROCESSOR_DEFINITIONS = (
					"DEBUG=1",
					"$(inherited)",
				);
				INFOPLIST_FILE = "exercism-swiftTests/Info.plist";
				LD_RUNPATH_SEARCH_PATHS = "$(inherited) @executable_path/Frameworks @loader_path/Frameworks";
				PRODUCT_NAME = "$(TARGET_NAME)";
				TEST_HOST = "$(BUILT_PRODUCTS_DIR)/exercism-swift.app/exercism-swift";
			};
			name = Debug;
		};
		6D64DFF61B4205FF00CFD0A9 /* Release */ = {
			isa = XCBuildConfiguration;
			buildSettings = {
				BUNDLE_LOADER = "$(TEST_HOST)";
				FRAMEWORK_SEARCH_PATHS = (
					"$(SDKROOT)/Developer/Library/Frameworks",
					"$(inherited)",
				);
				INFOPLIST_FILE = "exercism-swiftTests/Info.plist";
				LD_RUNPATH_SEARCH_PATHS = "$(inherited) @executable_path/Frameworks @loader_path/Frameworks";
				PRODUCT_NAME = "$(TARGET_NAME)";
				TEST_HOST = "$(BUILT_PRODUCTS_DIR)/exercism-swift.app/exercism-swift";
			};
			name = Release;
		};
/* End XCBuildConfiguration section */

/* Begin XCConfigurationList section */
		6D64DFCD1B4205FF00CFD0A9 /* Build configuration list for PBXProject "exercism-swift" */ = {
			isa = XCConfigurationList;
			buildConfigurations = (
				6D64DFEF1B4205FF00CFD0A9 /* Debug */,
				6D64DFF01B4205FF00CFD0A9 /* Release */,
			);
			defaultConfigurationIsVisible = 0;
			defaultConfigurationName = Release;
		};
		6D64DFF11B4205FF00CFD0A9 /* Build configuration list for PBXNativeTarget "exercism-swift" */ = {
			isa = XCConfigurationList;
			buildConfigurations = (
				6D64DFF21B4205FF00CFD0A9 /* Debug */,
				6D64DFF31B4205FF00CFD0A9 /* Release */,
			);
			defaultConfigurationIsVisible = 0;
		};
		6D64DFF41B4205FF00CFD0A9 /* Build configuration list for PBXNativeTarget "exercism-swiftTests" */ = {
			isa = XCConfigurationList;
			buildConfigurations = (
				6D64DFF51B4205FF00CFD0A9 /* Debug */,
				6D64DFF61B4205FF00CFD0A9 /* Release */,
			);
			defaultConfigurationIsVisible = 0;
		};
/* End XCConfigurationList section */
	};
	rootObject = 6D64DFCA1B4205FF00CFD0A9 /* Project object */;
}
